{
  "name": "searchfilter",
  "version": "0.0.1",
  "lockfileVersion": 1,
  "requires": true,
  "dependencies": {
    "fuse.js": {
      "version": "3.2.0",
      "resolved": "https://registry.npmjs.org/fuse.js/-/fuse.js-3.2.0.tgz",
      "integrity": "sha1-8ESOgGmFW/Kj5oPNwdMg5+KgfvQ="
    },
    "react-native-search-filter": {
      "version": "0.1.3",
      "resolved": "https://registry.npmjs.org/react-native-search-filter/-/react-native-search-filter-0.1.3.tgz",
      "integrity": "sha512-xGdTaeVEjd45rNAaWJRFaf/nzehrufHvFthrJPhG5kgh378qrTqs6iIhl3OMxbyjM1o75wPvBCAmtp8TmMpWFA==",
      "requires": {
        "fuse.js": "3.2.0",
        "react-native-search-filter": "0.1.3"
      }
    }
  }
}
